{
  "version": 4,
  "terraform_version": "0.12.20",
  "serial": 3,
  "lineage": "a1a05797-5a6f-91eb-0cdf-2a3ab577697d",
  "outputs": {},
  "resources": [
    {
      "module": "module.var",
      "mode": "managed",
      "type": "aws_eip",
      "name": "ip",
      "provider": "provider.aws",
      "instances": [
        {
          "schema_version": 0,
          "attributes": {
            "allocation_id": null,
            "associate_with_private_ip": null,
            "association_id": "eipassoc-05fbdf7499392901b",
            "domain": "vpc",
            "id": "eipalloc-02456e709247255b4",
            "instance": "i-0d060ec6384539cd9",
            "network_interface": "eni-0e46c2b61ade061ec",
            "private_dns": "ip-172-31-31-224.eu-west-2.compute.internal",
            "private_ip": "172.31.31.224",
            "public_dns": "ec2-3-11-47-88.eu-west-2.compute.amazonaws.com",
            "public_ip": "3.11.47.88",
            "public_ipv4_pool": "amazon",
            "tags": null,
            "timeouts": null,
            "vpc": true
          },
          "private": "eyJlMmJmYjczMC1lY2FhLTExZTYtOGY4OC0zNDM2M2JjN2M0YzAiOnsiZGVsZXRlIjoxODAwMDAwMDAwMDAsInJlYWQiOjkwMDAwMDAwMDAwMCwidXBkYXRlIjozMDAwMDAwMDAwMDB9fQ==",
          "dependencies": [
            "module.var.aws_instance.FirstAutomatedServer"
          ]
        }
      ]
    },
    {
      "module": "module.var",
      "mode": "managed",
      "type": "aws_instance",
      "name": "FirstAutomatedServer",
      "provider": "provider.aws",
      "instances": [
        {
          "schema_version": 1,
          "attributes": {
            "ami": "ami-0ea7295f82e08ffa2",
            "arn": "arn:aws:ec2:eu-west-2:124331923257:instance/i-0d060ec6384539cd9",
            "associate_public_ip_address": true,
            "availability_zone": "eu-west-2a",
            "cpu_core_count": 1,
            "cpu_threads_per_core": 1,
            "credit_specification": [
              {
                "cpu_credits": "standard"
              }
            ],
            "disable_api_termination": false,
            "ebs_block_device": [],
            "ebs_optimized": false,
            "ephemeral_block_device": [],
            "get_password_data": false,
            "host_id": null,
            "iam_instance_profile": "",
            "id": "i-0d060ec6384539cd9",
            "instance_initiated_shutdown_behavior": null,
            "instance_state": "running",
            "instance_type": "t2.micro",
            "ipv6_address_count": 0,
            "ipv6_addresses": [],
            "key_name": "",
            "monitoring": false,
            "network_interface": [],
            "network_interface_id": null,
            "password_data": "",
            "placement_group": "",
            "primary_network_interface_id": "eni-0e46c2b61ade061ec",
            "private_dns": "ip-172-31-31-224.eu-west-2.compute.internal",
            "private_ip": "172.31.31.224",
            "public_dns": "ec2-35-178-207-200.eu-west-2.compute.amazonaws.com",
            "public_ip": "35.178.207.200",
            "root_block_device": [
              {
                "delete_on_termination": true,
                "encrypted": false,
                "iops": 100,
                "kms_key_id": "",
                "volume_id": "vol-079b9e6f618de0b77",
                "volume_size": 30,
                "volume_type": "gp2"
              }
            ],
            "security_groups": [
              "default"
            ],
            "source_dest_check": true,
            "subnet_id": "subnet-fb47c581",
            "tags": {
              "Name": "FirstAutomatedServer",
              "Project": "TerraformServer"
            },
            "tenancy": "default",
            "timeouts": null,
            "user_data": null,
            "user_data_base64": null,
            "volume_tags": {},
            "vpc_security_group_ids": [
              "sg-7c89671c"
            ]
          },
          "private": "eyJlMmJmYjczMC1lY2FhLTExZTYtOGY4OC0zNDM2M2JjN2M0YzAiOnsiY3JlYXRlIjo2MDAwMDAwMDAwMDAsImRlbGV0ZSI6MTIwMDAwMDAwMDAwMCwidXBkYXRlIjo2MDAwMDAwMDAwMDB9LCJzY2hlbWFfdmVyc2lvbiI6IjEifQ=="
        }
      ]
    }
  ]
}
